
Microsoft Visual Studio Solution File, Format Version 12.00
# Visual Studio Version 17
VisualStudioVersion = 17.14.36429.23 d17.14
MinimumVisualStudioVersion = 10.0.40219.1
Project("{FAE04EC0-301F-11D3-BF4B-00C04F79EFBC}") = "CS.2.003", "CS.2.003.csproj", "{96FA6830-ADF0-4510-A873-8CEBC3E4C134}"
EndProject
Global
	GlobalSection(SolutionConfigurationPlatforms) = preSolution
		Debug|Any CPU = Debug|Any CPU
		Release|Any CPU = Release|Any CPU
	EndGlobalSection
	GlobalSection(ProjectConfigurationPlatforms) = postSolution
		{96FA6830-ADF0-4510-A873-8CEBC3E4C134}.Debug|Any CPU.ActiveCfg = Debug|Any CPU
		{96FA6830-ADF0-4510-A873-8CEBC3E4C134}.Debug|Any CPU.Build.0 = Debug|Any CPU
		{96FA6830-ADF0-4510-A873-8CEBC3E4C134}.Release|Any CPU.ActiveCfg = Release|Any CPU
		{96FA6830-ADF0-4510-A873-8CEBC3E4C134}.Release|Any CPU.Build.0 = Release|Any CPU
	EndGlobalSection
	GlobalSection(SolutionProperties) = preSolution
		HideSolutionNode = FALSE
	EndGlobalSection
	GlobalSection(ExtensibilityGlobals) = postSolution
		SolutionGuid = {5F83DC37-9FC4-4ADF-B498-72F831E4C3A2}
	EndGlobalSection
EndGlobal
