
Microsoft Visual Studio Solution File, Format Version 12.00
# Visual Studio Version 17
VisualStudioVersion = 17.14.36429.23 d17.14
MinimumVisualStudioVersion = 10.0.40219.1
Project("{FAE04EC0-301F-11D3-BF4B-00C04F79EFBC}") = "ADVTraining_2", "ADVTraining_2.csproj", "{98D61E50-19CF-4AFA-A63C-C374D044226A}"
EndProject
Global
	GlobalSection(SolutionConfigurationPlatforms) = preSolution
		Debug|Any CPU = Debug|Any CPU
		Release|Any CPU = Release|Any CPU
	EndGlobalSection
	GlobalSection(ProjectConfigurationPlatforms) = postSolution
		{98D61E50-19CF-4AFA-A63C-C374D044226A}.Debug|Any CPU.ActiveCfg = Debug|Any CPU
		{98D61E50-19CF-4AFA-A63C-C374D044226A}.Debug|Any CPU.Build.0 = Debug|Any CPU
		{98D61E50-19CF-4AFA-A63C-C374D044226A}.Release|Any CPU.ActiveCfg = Release|Any CPU
		{98D61E50-19CF-4AFA-A63C-C374D044226A}.Release|Any CPU.Build.0 = Release|Any CPU
	EndGlobalSection
	GlobalSection(SolutionProperties) = preSolution
		HideSolutionNode = FALSE
	EndGlobalSection
	GlobalSection(ExtensibilityGlobals) = postSolution
		SolutionGuid = {F6E4994B-F553-4A3F-8031-12F653F7C955}
	EndGlobalSection
EndGlobal
