
Microsoft Visual Studio Solution File, Format Version 12.00
# Visual Studio Version 17
VisualStudioVersion = 17.14.36429.23 d17.14
MinimumVisualStudioVersion = 10.0.40219.1
Project("{FAE04EC0-301F-11D3-BF4B-00C04F79EFBC}") = "CollegeRepositoryDataBase", "CollegeRepositoryDataBase.csproj", "{4752DA55-697A-4414-8831-A19466A23E30}"
EndProject
Global
	GlobalSection(SolutionConfigurationPlatforms) = preSolution
		Debug|Any CPU = Debug|Any CPU
		Release|Any CPU = Release|Any CPU
	EndGlobalSection
	GlobalSection(ProjectConfigurationPlatforms) = postSolution
		{4752DA55-697A-4414-8831-A19466A23E30}.Debug|Any CPU.ActiveCfg = Debug|Any CPU
		{4752DA55-697A-4414-8831-A19466A23E30}.Debug|Any CPU.Build.0 = Debug|Any CPU
		{4752DA55-697A-4414-8831-A19466A23E30}.Release|Any CPU.ActiveCfg = Release|Any CPU
		{4752DA55-697A-4414-8831-A19466A23E30}.Release|Any CPU.Build.0 = Release|Any CPU
	EndGlobalSection
	GlobalSection(SolutionProperties) = preSolution
		HideSolutionNode = FALSE
	EndGlobalSection
	GlobalSection(ExtensibilityGlobals) = postSolution
		SolutionGuid = {3749C670-DC0D-48D3-A3BC-B32C57FB8006}
	EndGlobalSection
EndGlobal
