
Microsoft Visual Studio Solution File, Format Version 12.00
# Visual Studio Version 17
VisualStudioVersion = 17.14.36429.23 d17.14
MinimumVisualStudioVersion = 10.0.40219.1
Project("{FAE04EC0-301F-11D3-BF4B-00C04F79EFBC}") = "CS.3.009", "CS.3.009.csproj", "{65707D40-8E2F-4C8F-9995-875D6D435287}"
EndProject
Global
	GlobalSection(SolutionConfigurationPlatforms) = preSolution
		Debug|Any CPU = Debug|Any CPU
		Release|Any CPU = Release|Any CPU
	EndGlobalSection
	GlobalSection(ProjectConfigurationPlatforms) = postSolution
		{65707D40-8E2F-4C8F-9995-875D6D435287}.Debug|Any CPU.ActiveCfg = Debug|Any CPU
		{65707D40-8E2F-4C8F-9995-875D6D435287}.Debug|Any CPU.Build.0 = Debug|Any CPU
		{65707D40-8E2F-4C8F-9995-875D6D435287}.Release|Any CPU.ActiveCfg = Release|Any CPU
		{65707D40-8E2F-4C8F-9995-875D6D435287}.Release|Any CPU.Build.0 = Release|Any CPU
	EndGlobalSection
	GlobalSection(SolutionProperties) = preSolution
		HideSolutionNode = FALSE
	EndGlobalSection
	GlobalSection(ExtensibilityGlobals) = postSolution
		SolutionGuid = {1900533B-061E-4D49-B32B-8C20624E8CB8}
	EndGlobalSection
EndGlobal
