
Microsoft Visual Studio Solution File, Format Version 12.00
# Visual Studio Version 17
VisualStudioVersion = 17.14.36429.23 d17.14
MinimumVisualStudioVersion = 10.0.40219.1
Project("{FAE04EC0-301F-11D3-BF4B-00C04F79EFBC}") = "CS.2.016", "CS.2.016.csproj", "{19BFA72E-3022-4531-966F-B8D12AE6D0DF}"
EndProject
Global
	GlobalSection(SolutionConfigurationPlatforms) = preSolution
		Debug|Any CPU = Debug|Any CPU
		Release|Any CPU = Release|Any CPU
	EndGlobalSection
	GlobalSection(ProjectConfigurationPlatforms) = postSolution
		{19BFA72E-3022-4531-966F-B8D12AE6D0DF}.Debug|Any CPU.ActiveCfg = Debug|Any CPU
		{19BFA72E-3022-4531-966F-B8D12AE6D0DF}.Debug|Any CPU.Build.0 = Debug|Any CPU
		{19BFA72E-3022-4531-966F-B8D12AE6D0DF}.Release|Any CPU.ActiveCfg = Release|Any CPU
		{19BFA72E-3022-4531-966F-B8D12AE6D0DF}.Release|Any CPU.Build.0 = Release|Any CPU
	EndGlobalSection
	GlobalSection(SolutionProperties) = preSolution
		HideSolutionNode = FALSE
	EndGlobalSection
	GlobalSection(ExtensibilityGlobals) = postSolution
		SolutionGuid = {10BA50CD-8A30-469C-B627-465556FB95F3}
	EndGlobalSection
EndGlobal
